
Microsoft Visual Studio Solution File, Format Version 12.00
# Visual Studio 15
VisualStudioVersion = 15.0.28307.329
MinimumVisualStudioVersion = 10.0.40219.1
Project("{FAE04EC0-301F-11D3-BF4B-00C04F79EFBC}") = "vms.project", "vms.project\vms.project.csproj", "{F5173969-2E31-49A6-ADDB-9DC0331F8F33}"
EndProject
Project("{FAE04EC0-301F-11D3-BF4B-00C04F79EFBC}") = "DAL", "DAL\DAL.csproj", "{DCC1EFE1-4245-4C10-BE2F-1FE875CE65C9}"
EndProject
Project("{FAE04EC0-301F-11D3-BF4B-00C04F79EFBC}") = "BLL", "BLL\BLL.csproj", "{8166EA18-2892-45CD-A750-B8BFED901782}"
EndProject
Project("{FAE04EC0-301F-11D3-BF4B-00C04F79EFBC}") = "MODEL", "MODEL\MODEL.csproj", "{1E80BC7E-B484-4912-A214-4644D395EEC2}"
EndProject
Global
	GlobalSection(SolutionConfigurationPlatforms) = preSolution
		Debug|Any CPU = Debug|Any CPU
		Release|Any CPU = Release|Any CPU
	EndGlobalSection
	GlobalSection(ProjectConfigurationPlatforms) = postSolution
		{F5173969-2E31-49A6-ADDB-9DC0331F8F33}.Debug|Any CPU.ActiveCfg = Debug|Any CPU
		{F5173969-2E31-49A6-ADDB-9DC0331F8F33}.Debug|Any CPU.Build.0 = Debug|Any CPU
		{F5173969-2E31-49A6-ADDB-9DC0331F8F33}.Release|Any CPU.ActiveCfg = Release|Any CPU
		{F5173969-2E31-49A6-ADDB-9DC0331F8F33}.Release|Any CPU.Build.0 = Release|Any CPU
		{DCC1EFE1-4245-4C10-BE2F-1FE875CE65C9}.Debug|Any CPU.ActiveCfg = Debug|Any CPU
		{DCC1EFE1-4245-4C10-BE2F-1FE875CE65C9}.Debug|Any CPU.Build.0 = Debug|Any CPU
		{DCC1EFE1-4245-4C10-BE2F-1FE875CE65C9}.Release|Any CPU.ActiveCfg = Release|Any CPU
		{DCC1EFE1-4245-4C10-BE2F-1FE875CE65C9}.Release|Any CPU.Build.0 = Release|Any CPU
		{8166EA18-2892-45CD-A750-B8BFED901782}.Debug|Any CPU.ActiveCfg = Debug|Any CPU
		{8166EA18-2892-45CD-A750-B8BFED901782}.Debug|Any CPU.Build.0 = Debug|Any CPU
		{8166EA18-2892-45CD-A750-B8BFED901782}.Release|Any CPU.ActiveCfg = Release|Any CPU
		{8166EA18-2892-45CD-A750-B8BFED901782}.Release|Any CPU.Build.0 = Release|Any CPU
		{1E80BC7E-B484-4912-A214-4644D395EEC2}.Debug|Any CPU.ActiveCfg = Debug|Any CPU
		{1E80BC7E-B484-4912-A214-4644D395EEC2}.Debug|Any CPU.Build.0 = Debug|Any CPU
		{1E80BC7E-B484-4912-A214-4644D395EEC2}.Release|Any CPU.ActiveCfg = Release|Any CPU
		{1E80BC7E-B484-4912-A214-4644D395EEC2}.Release|Any CPU.Build.0 = Release|Any CPU
	EndGlobalSection
	GlobalSection(SolutionProperties) = preSolution
		HideSolutionNode = FALSE
	EndGlobalSection
	GlobalSection(ExtensibilityGlobals) = postSolution
		SolutionGuid = {531409C8-2C46-400B-8B75-22215D5C6897}
	EndGlobalSection
EndGlobal
